{
  "framework": {
    "digest": "657f9d69f38bdc2204be5796346342ff68c076aa7423b3dc1dc526585b1f56b0",
    "source_kind": "commit",
    "source_revision": "24d8bff1d4da82b063fcc539c818b33a98fccfe1",
    "version": "0.1.0-dev"
  },
  "framework_inputs": {
    "framework/core/AGENTS.md": "8cd3e861dd910106f03fa50c7d9035d827e71bc46d3e0c314cc45d4db1f89927",
    "framework/core/agent-harness.md": "08a348d882482c45bb25d40307a5e734d34e96071937e234a1762644506bad74",
    "framework/profiles/openai-agent-guidance/AGENTS.md": "54a6f9771b46e66b486708d4036cbb0ca15b03ae1df4f59a1bcdde979844d9c7",
    "framework/profiles/openai-agent-guidance/agent-harness.md": "080fd340d32edc78d90ec090f80c47e0ade03712baef5e71b47d53c5ea8f230e",
    "framework/profiles/public-repository/AGENTS.md": "b07ac20c9e1611c7e98c5978ec385ca0560363c4b3f55f0a84399791aee7c917",
    "framework/profiles/public-repository/agent-harness.md": "4704a09b288b0afb5527c983f52b9ee28b4077c1876fb02c38b43b588b88afd9",
    "framework/profiles/vcs-jj/AGENTS.md": "f5a00bb916ebcc25449e77ea7741678c381ea74d861ff82af24810ccf0318c35",
    "framework/profiles/vcs-jj/agent-harness.md": "592f07d6bd361e45e689d79f05f3b94afd037ebfcf634df0e114f8c43888cb58",
    "framework/standalone/check.py": "241f2d454674f16f1f9bab6474dce1fa0703a75c32b7106e7d54e52ce771d8a5",
    "src/ai_first/__init__.py": "cc67ee471e2f875f585df5865c7df9448b6d1ec8a452842d864052c5ccf04721",
    "src/ai_first/__main__.py": "935a1c1166b0c1ea35a82256345000bf2c73ded718d77773bc27a71ecce28f7d",
    "src/ai_first/cli.py": "432cd5b48ddf64a23fcb567db84b509948b6d9049deb90002f34535ed6586f82",
    "src/ai_first/config.py": "2200ff32111007d55cb8eb20dfcae15073d74690e4c258c67eca4214405237f3",
    "src/ai_first/publication.py": "af2beb3e18671267cb8fb1908239f4073abe8bb86121b01a19f96005b5cc24b6",
    "src/ai_first/render.py": "b6bada2363b33d97ca2aa43518a1870104b44e9e1dbd76f1e92dee2e9e025126"
  },
  "outputs": {
    ".ai-first/check.py": "241f2d454674f16f1f9bab6474dce1fa0703a75c32b7106e7d54e52ce771d8a5",
    "AGENTS.md": "8bea91f91286660240b2035bc2fd49f704d1eadb4acb26fbd67e355a812f585a",
    "docs/agent-harness.md": "4c0984cc0b32dea6e44fdd8c86468d72f237b6e6c16e06f0d503bcdd7d61f771"
  },
  "profiles": [
    "vcs-jj",
    "public-repository",
    "openai-agent-guidance"
  ],
  "repository_inputs": {
    ".ai-first.toml": "39fb3a987ae0e32c931ef91195d7d24c41ebd154deda1d6d5dc6ddef70f1568d",
    ".ai-first/overlays/agents-first-read.md": "b92f66236899eaa6d705a62137b16910035bd98ef3a2a71b1cf56d1b9a1435f7",
    ".ai-first/overlays/agents-project.md": "a951d8556b8814b029f3cc60c98142f902e7872166a00b0ecb6a127a08eb14a0",
    ".ai-first/overlays/harness-project.md": "dc87e2b55862c6d8cf3ac6b009f872df0c20c283a080767c07378db244c51e07"
  },
  "schema_version": 1
}
